
Microsoft Visual Studio Solution File, Format Version 12.00
# Visual Studio Version 17
VisualStudioVersion = 17.8.34511.84
MinimumVisualStudioVersion = 10.0.40219.1
Project("{9A19103F-16F7-4668-BE54-9A1E7A4F7556}") = "BombRushMP.ClientApp", "BombRushMP.ClientApp\BombRushMP.ClientApp.csproj", "{C5351627-DEF7-4543-9980-E0236F6BC709}"
EndProject
Project("{9A19103F-16F7-4668-BE54-9A1E7A4F7556}") = "BombRushMP.Plugin", "BombRushMP.Plugin\BombRushMP.Plugin.csproj", "{4CB3B029-BE2A-4682-8F0B-12A348B55B92}"
EndProject
Project("{9A19103F-16F7-4668-BE54-9A1E7A4F7556}") = "BombRushMP.ServerApp", "BombRushMP.ServerApp\BombRushMP.ServerApp.csproj", "{F93048AF-5C3B-4066-9E73-29E563694E22}"
EndProject
Project("{9A19103F-16F7-4668-BE54-9A1E7A4F7556}") = "BombRushMP.Common", "BombRushMP.Common\BombRushMP.Common.csproj", "{ABB9CD28-B944-4D19-9B78-0F3B2DDE567B}"
EndProject
Project("{9A19103F-16F7-4668-BE54-9A1E7A4F7556}") = "BombRushMP.CrewBoom", "BombRushMP.CrewBoom\BombRushMP.CrewBoom.csproj", "{329ED03C-4D7E-4273-9F86-4FCBEC24856F}"
EndProject
Project("{9A19103F-16F7-4668-BE54-9A1E7A4F7556}") = "CommonAPI", "libs\BRC-CommonAPI\CommonAPI.csproj", "{CDFFFA18-9CB0-4BC2-84C0-366C5EDC73A4}"
EndProject
Project("{9A19103F-16F7-4668-BE54-9A1E7A4F7556}") = "BombRushMP.MapStation", "BombRushMP.MapStation\BombRushMP.MapStation.csproj", "{44229B21-6834-47AA-8917-CF958F138534}"
EndProject
Project("{9A19103F-16F7-4668-BE54-9A1E7A4F7556}") = "BombRushMP.Mono", "BombRushMP.Mono\BombRushMP.Mono.csproj", "{1BB99473-64AA-481B-A1E2-FE080E0B3D92}"
EndProject
Project("{FAE04EC0-301F-11D3-BF4B-00C04F79EFBC}") = "BombRushMP.RiptideInterface", "BombRushMP.RiptideInterface\BombRushMP.RiptideInterface.csproj", "{F0F90B2B-9B2C-45DB-B794-03743A2BF1D9}"
EndProject
Project("{FAE04EC0-301F-11D3-BF4B-00C04F79EFBC}") = "BombRushMP.NetworkInterfaceProvider", "BombRushMP.NetworkInterfaceProvider\BombRushMP.NetworkInterfaceProvider.csproj", "{DB50ED07-4684-485A-A962-E29460C006A1}"
EndProject
Global
	GlobalSection(SolutionConfigurationPlatforms) = preSolution
		Debug|Any CPU = Debug|Any CPU
		Developer Debug|Any CPU = Developer Debug|Any CPU
		Release|Any CPU = Release|Any CPU
	EndGlobalSection
	GlobalSection(ProjectConfigurationPlatforms) = postSolution
		{C5351627-DEF7-4543-9980-E0236F6BC709}.Debug|Any CPU.ActiveCfg = Debug|Any CPU
		{C5351627-DEF7-4543-9980-E0236F6BC709}.Debug|Any CPU.Build.0 = Debug|Any CPU
		{C5351627-DEF7-4543-9980-E0236F6BC709}.Developer Debug|Any CPU.ActiveCfg = Debug|Any CPU
		{C5351627-DEF7-4543-9980-E0236F6BC709}.Developer Debug|Any CPU.Build.0 = Debug|Any CPU
		{C5351627-DEF7-4543-9980-E0236F6BC709}.Release|Any CPU.ActiveCfg = Release|Any CPU
		{C5351627-DEF7-4543-9980-E0236F6BC709}.Release|Any CPU.Build.0 = Release|Any CPU
		{4CB3B029-BE2A-4682-8F0B-12A348B55B92}.Debug|Any CPU.ActiveCfg = Debug|Any CPU
		{4CB3B029-BE2A-4682-8F0B-12A348B55B92}.Debug|Any CPU.Build.0 = Debug|Any CPU
		{4CB3B029-BE2A-4682-8F0B-12A348B55B92}.Developer Debug|Any CPU.ActiveCfg = Developer Debug|Any CPU
		{4CB3B029-BE2A-4682-8F0B-12A348B55B92}.Developer Debug|Any CPU.Build.0 = Developer Debug|Any CPU
		{4CB3B029-BE2A-4682-8F0B-12A348B55B92}.Release|Any CPU.ActiveCfg = Release|Any CPU
		{4CB3B029-BE2A-4682-8F0B-12A348B55B92}.Release|Any CPU.Build.0 = Release|Any CPU
		{F93048AF-5C3B-4066-9E73-29E563694E22}.Debug|Any CPU.ActiveCfg = Debug|Any CPU
		{F93048AF-5C3B-4066-9E73-29E563694E22}.Debug|Any CPU.Build.0 = Debug|Any CPU
		{F93048AF-5C3B-4066-9E73-29E563694E22}.Developer Debug|Any CPU.ActiveCfg = Debug|Any CPU
		{F93048AF-5C3B-4066-9E73-29E563694E22}.Developer Debug|Any CPU.Build.0 = Debug|Any CPU
		{F93048AF-5C3B-4066-9E73-29E563694E22}.Release|Any CPU.ActiveCfg = Release|Any CPU
		{F93048AF-5C3B-4066-9E73-29E563694E22}.Release|Any CPU.Build.0 = Release|Any CPU
		{ABB9CD28-B944-4D19-9B78-0F3B2DDE567B}.Debug|Any CPU.ActiveCfg = Debug|Any CPU
		{ABB9CD28-B944-4D19-9B78-0F3B2DDE567B}.Debug|Any CPU.Build.0 = Debug|Any CPU
		{ABB9CD28-B944-4D19-9B78-0F3B2DDE567B}.Developer Debug|Any CPU.ActiveCfg = Debug|Any CPU
		{ABB9CD28-B944-4D19-9B78-0F3B2DDE567B}.Developer Debug|Any CPU.Build.0 = Debug|Any CPU
		{ABB9CD28-B944-4D19-9B78-0F3B2DDE567B}.Release|Any CPU.ActiveCfg = Release|Any CPU
		{ABB9CD28-B944-4D19-9B78-0F3B2DDE567B}.Release|Any CPU.Build.0 = Release|Any CPU
		{329ED03C-4D7E-4273-9F86-4FCBEC24856F}.Debug|Any CPU.ActiveCfg = Debug|Any CPU
		{329ED03C-4D7E-4273-9F86-4FCBEC24856F}.Debug|Any CPU.Build.0 = Debug|Any CPU
		{329ED03C-4D7E-4273-9F86-4FCBEC24856F}.Developer Debug|Any CPU.ActiveCfg = Debug|Any CPU
		{329ED03C-4D7E-4273-9F86-4FCBEC24856F}.Developer Debug|Any CPU.Build.0 = Debug|Any CPU
		{329ED03C-4D7E-4273-9F86-4FCBEC24856F}.Release|Any CPU.ActiveCfg = Release|Any CPU
		{329ED03C-4D7E-4273-9F86-4FCBEC24856F}.Release|Any CPU.Build.0 = Release|Any CPU
		{CDFFFA18-9CB0-4BC2-84C0-366C5EDC73A4}.Debug|Any CPU.ActiveCfg = Debug|Any CPU
		{CDFFFA18-9CB0-4BC2-84C0-366C5EDC73A4}.Debug|Any CPU.Build.0 = Debug|Any CPU
		{CDFFFA18-9CB0-4BC2-84C0-366C5EDC73A4}.Developer Debug|Any CPU.ActiveCfg = Debug|Any CPU
		{CDFFFA18-9CB0-4BC2-84C0-366C5EDC73A4}.Developer Debug|Any CPU.Build.0 = Debug|Any CPU
		{CDFFFA18-9CB0-4BC2-84C0-366C5EDC73A4}.Release|Any CPU.ActiveCfg = Release|Any CPU
		{CDFFFA18-9CB0-4BC2-84C0-366C5EDC73A4}.Release|Any CPU.Build.0 = Release|Any CPU
		{44229B21-6834-47AA-8917-CF958F138534}.Debug|Any CPU.ActiveCfg = Debug|Any CPU
		{44229B21-6834-47AA-8917-CF958F138534}.Debug|Any CPU.Build.0 = Debug|Any CPU
		{44229B21-6834-47AA-8917-CF958F138534}.Developer Debug|Any CPU.ActiveCfg = Debug|Any CPU
		{44229B21-6834-47AA-8917-CF958F138534}.Developer Debug|Any CPU.Build.0 = Debug|Any CPU
		{44229B21-6834-47AA-8917-CF958F138534}.Release|Any CPU.ActiveCfg = Release|Any CPU
		{44229B21-6834-47AA-8917-CF958F138534}.Release|Any CPU.Build.0 = Release|Any CPU
		{1BB99473-64AA-481B-A1E2-FE080E0B3D92}.Debug|Any CPU.ActiveCfg = Debug|Any CPU
		{1BB99473-64AA-481B-A1E2-FE080E0B3D92}.Debug|Any CPU.Build.0 = Debug|Any CPU
		{1BB99473-64AA-481B-A1E2-FE080E0B3D92}.Developer Debug|Any CPU.ActiveCfg = Debug|Any CPU
		{1BB99473-64AA-481B-A1E2-FE080E0B3D92}.Developer Debug|Any CPU.Build.0 = Debug|Any CPU
		{1BB99473-64AA-481B-A1E2-FE080E0B3D92}.Release|Any CPU.ActiveCfg = Release|Any CPU
		{1BB99473-64AA-481B-A1E2-FE080E0B3D92}.Release|Any CPU.Build.0 = Release|Any CPU
		{F0F90B2B-9B2C-45DB-B794-03743A2BF1D9}.Debug|Any CPU.ActiveCfg = Debug|Any CPU
		{F0F90B2B-9B2C-45DB-B794-03743A2BF1D9}.Debug|Any CPU.Build.0 = Debug|Any CPU
		{F0F90B2B-9B2C-45DB-B794-03743A2BF1D9}.Developer Debug|Any CPU.ActiveCfg = Debug|Any CPU
		{F0F90B2B-9B2C-45DB-B794-03743A2BF1D9}.Developer Debug|Any CPU.Build.0 = Debug|Any CPU
		{F0F90B2B-9B2C-45DB-B794-03743A2BF1D9}.Release|Any CPU.ActiveCfg = Release|Any CPU
		{F0F90B2B-9B2C-45DB-B794-03743A2BF1D9}.Release|Any CPU.Build.0 = Release|Any CPU
		{DB50ED07-4684-485A-A962-E29460C006A1}.Debug|Any CPU.ActiveCfg = Debug|Any CPU
		{DB50ED07-4684-485A-A962-E29460C006A1}.Debug|Any CPU.Build.0 = Debug|Any CPU
		{DB50ED07-4684-485A-A962-E29460C006A1}.Developer Debug|Any CPU.ActiveCfg = Debug|Any CPU
		{DB50ED07-4684-485A-A962-E29460C006A1}.Developer Debug|Any CPU.Build.0 = Debug|Any CPU
		{DB50ED07-4684-485A-A962-E29460C006A1}.Release|Any CPU.ActiveCfg = Release|Any CPU
		{DB50ED07-4684-485A-A962-E29460C006A1}.Release|Any CPU.Build.0 = Release|Any CPU
	EndGlobalSection
	GlobalSection(SolutionProperties) = preSolution
		HideSolutionNode = FALSE
	EndGlobalSection
	GlobalSection(ExtensibilityGlobals) = postSolution
		SolutionGuid = {23915C82-172F-4248-89AA-34C1AD92366A}
	EndGlobalSection
EndGlobal
