
Microsoft Visual Studio Solution File, Format Version 12.00
# Visual Studio Version 17
VisualStudioVersion = 17.8.34511.84
MinimumVisualStudioVersion = 10.0.40219.1
Project("{9A19103F-16F7-4668-BE54-9A1E7A4F7556}") = "BombRushMP.ServerApp", "BombRushMP.ServerApp.csproj", "{C170AB91-2318-4C13-BAC5-272DF84D113A}"
EndProject
Global
	GlobalSection(SolutionConfigurationPlatforms) = preSolution
		Debug|Any CPU = Debug|Any CPU
		Release|Any CPU = Release|Any CPU
	EndGlobalSection
	GlobalSection(ProjectConfigurationPlatforms) = postSolution
		{C170AB91-2318-4C13-BAC5-272DF84D113A}.Debug|Any CPU.ActiveCfg = Debug|Any CPU
		{C170AB91-2318-4C13-BAC5-272DF84D113A}.Debug|Any CPU.Build.0 = Debug|Any CPU
		{C170AB91-2318-4C13-BAC5-272DF84D113A}.Release|Any CPU.ActiveCfg = Release|Any CPU
		{C170AB91-2318-4C13-BAC5-272DF84D113A}.Release|Any CPU.Build.0 = Release|Any CPU
	EndGlobalSection
	GlobalSection(SolutionProperties) = preSolution
		HideSolutionNode = FALSE
	EndGlobalSection
	GlobalSection(ExtensibilityGlobals) = postSolution
		SolutionGuid = {1700B4C6-C688-4C4D-9568-748098615C2B}
	EndGlobalSection
EndGlobal
